<?xml version="1.0" encoding="utf-8"?>
<Project ToolsVersion="4.0" xmlns="http://schemas.microsoft.com/developer/msbuild/2003">
  <ItemGroup>
    <Filter Include="Infinite">
      <UniqueIdentifier>{DB7597E3-C742-F2EE-F05B-E096DC87277D}</UniqueIdentifier>
    </Filter>
    <Filter Include="Infinite\Events">
      <UniqueIdentifier>{5F9DC811-CB28-36D6-D439-B9CA404492D6}</UniqueIdentifier>
    </Filter>
  </ItemGroup>
  <ItemGroup>
    <ClInclude Include="src\Infinite.h" />
    <ClInclude Include="src\Infinite\Application.h">
      <Filter>Infinite</Filter>
    </ClInclude>
    <ClInclude Include="src\Infinite\Core.h">
      <Filter>Infinite</Filter>
    </ClInclude>
    <ClInclude Include="src\Infinite\EntryPoint.h">
      <Filter>Infinite</Filter>
    </ClInclude>
    <ClInclude Include="src\Infinite\Events\ApplicationEvent.h">
      <Filter>Infinite\Events</Filter>
    </ClInclude>
    <ClInclude Include="src\Infinite\Events\Event.h">
      <Filter>Infinite\Events</Filter>
    </ClInclude>
    <ClInclude Include="src\Infinite\Events\KeyEvent.h">
      <Filter>Infinite\Events</Filter>
    </ClInclude>
    <ClInclude Include="src\Infinite\Events\MouseEvent.h">
      <Filter>Infinite\Events</Filter>
    </ClInclude>
    <ClInclude Include="src\Infinite\Log.h">
      <Filter>Infinite</Filter>
    </ClInclude>
    <ClInclude Include="src\infpch.h" />
  </ItemGroup>
  <ItemGroup>
    <ClCompile Include="src\Infinite\Application.cpp">
      <Filter>Infinite</Filter>
    </ClCompile>
    <ClCompile Include="src\Infinite\Log.cpp">
      <Filter>Infinite</Filter>
    </ClCompile>
    <ClCompile Include="src\infpch.cpp" />
  </ItemGroup>
</Project>